
Microsoft Visual Studio Solution File, Format Version 12.00
# Visual Studio Version 17
VisualStudioVersion = 17.8.34330.188
MinimumVisualStudioVersion = 10.0.40219.1
Project("{FAE04EC0-301F-11D3-BF4B-00C04F79EFBC}") = "NTI - Query Session", "NTI - Query Session\NTI - Query Session.csproj", "{B4BD21C4-B168-40DE-9AE8-A9A768432B47}"
EndProject
Global
	GlobalSection(SolutionConfigurationPlatforms) = preSolution
		Debug|Any CPU = Debug|Any CPU
		Release|Any CPU = Release|Any CPU
	EndGlobalSection
	GlobalSection(ProjectConfigurationPlatforms) = postSolution
		{B4BD21C4-B168-40DE-9AE8-A9A768432B47}.Debug|Any CPU.ActiveCfg = Debug|Any CPU
		{B4BD21C4-B168-40DE-9AE8-A9A768432B47}.Debug|Any CPU.Build.0 = Debug|Any CPU
		{B4BD21C4-B168-40DE-9AE8-A9A768432B47}.Release|Any CPU.ActiveCfg = Release|Any CPU
		{B4BD21C4-B168-40DE-9AE8-A9A768432B47}.Release|Any CPU.Build.0 = Release|Any CPU
	EndGlobalSection
	GlobalSection(SolutionProperties) = preSolution
		HideSolutionNode = FALSE
	EndGlobalSection
	GlobalSection(ExtensibilityGlobals) = postSolution
		SolutionGuid = {020F6AAE-1C5E-4E22-A63E-67BAE0FC80E2}
	EndGlobalSection
EndGlobal
